
Microsoft Visual Studio Solution File, Format Version 12.00
# Visual Studio Version 16
VisualStudioVersion = 16.0.31410.357
MinimumVisualStudioVersion = 10.0.40219.1
Project("{FAE04EC0-301F-11D3-BF4B-00C04F79EFBC}") = "DevOnlyConfigs.Website", "src\DevOnlyConfigs.Website\DevOnlyConfigs.Website.csproj", "{84284FF2-519D-4F36-9F9E-7143C64EE565}"
EndProject
Global
	GlobalSection(SolutionConfigurationPlatforms) = preSolution
		Debug|Any CPU = Debug|Any CPU
		Release|Any CPU = Release|Any CPU
	EndGlobalSection
	GlobalSection(ProjectConfigurationPlatforms) = postSolution
		{84284FF2-519D-4F36-9F9E-7143C64EE565}.Debug|Any CPU.ActiveCfg = Debug|Any CPU
		{84284FF2-519D-4F36-9F9E-7143C64EE565}.Debug|Any CPU.Build.0 = Debug|Any CPU
		{84284FF2-519D-4F36-9F9E-7143C64EE565}.Release|Any CPU.ActiveCfg = Release|Any CPU
		{84284FF2-519D-4F36-9F9E-7143C64EE565}.Release|Any CPU.Build.0 = Release|Any CPU
	EndGlobalSection
	GlobalSection(SolutionProperties) = preSolution
		HideSolutionNode = FALSE
	EndGlobalSection
	GlobalSection(ExtensibilityGlobals) = postSolution
		SolutionGuid = {1272EB5E-6A3C-48AC-BBBE-16B41CF008A4}
	EndGlobalSection
EndGlobal
